// !$*UTF8*$!
{
	archiveVersion = 1;
	classes = {
	};
	objectVersion = 55;
	objects = {

/* Begin PBXBuildFile section */
		8444EA4C290872DE00F688A8 /* CDViewController.swift in Sources */ = {isa = PBXBuildFile; fileRef = 8444EA4B290872DE00F688A8 /* CDViewController.swift */; };
		84456D86290991FC00DF3115 /* AddTaskCDViewController.swift in Sources */ = {isa = PBXBuildFile; fileRef = 84456D85290991FC00DF3115 /* AddTaskCDViewController.swift */; };
		84456D882909A56400DF3115 /* WeatherViewController.swift in Sources */ = {isa = PBXBuildFile; fileRef = 84456D872909A56400DF3115 /* WeatherViewController.swift */; };
		84456D8A2909A60400DF3115 /* Weather.swift in Sources */ = {isa = PBXBuildFile; fileRef = 84456D892909A60400DF3115 /* Weather.swift */; };
		8493D0232905B24200728387 /* Task.swift in Sources */ = {isa = PBXBuildFile; fileRef = 8493D0222905B24200728387 /* Task.swift */; };
		8493D0252905CE4D00728387 /* AddTaskViewController.swift in Sources */ = {isa = PBXBuildFile; fileRef = 8493D0242905CE4D00728387 /* AddTaskViewController.swift */; };
		84C5154E290075D700A74E8A /* AppDelegate.swift in Sources */ = {isa = PBXBuildFile; fileRef = 84C5154D290075D700A74E8A /* AppDelegate.swift */; };
		84C51550290075D700A74E8A /* SceneDelegate.swift in Sources */ = {isa = PBXBuildFile; fileRef = 84C5154F290075D700A74E8A /* SceneDelegate.swift */; };
		84C51552290075D700A74E8A /* UDViewController.swift in Sources */ = {isa = PBXBuildFile; fileRef = 84C51551290075D700A74E8A /* UDViewController.swift */; };
		84C51555290075D700A74E8A /* Main.storyboard in Resources */ = {isa = PBXBuildFile; fileRef = 84C51553290075D700A74E8A /* Main.storyboard */; };
		84C51558290075D700A74E8A /* _4_7.xcdatamodeld in Sources */ = {isa = PBXBuildFile; fileRef = 84C51556290075D700A74E8A /* _4_7.xcdatamodeld */; };
		84C5155A290075DB00A74E8A /* Assets.xcassets in Resources */ = {isa = PBXBuildFile; fileRef = 84C51559290075DB00A74E8A /* Assets.xcassets */; };
		84C5155D290075DB00A74E8A /* LaunchScreen.storyboard in Resources */ = {isa = PBXBuildFile; fileRef = 84C5155B290075DB00A74E8A /* LaunchScreen.storyboard */; };
		84C515652900795500A74E8A /* Persistance.swift in Sources */ = {isa = PBXBuildFile; fileRef = 84C515642900795500A74E8A /* Persistance.swift */; };
		84C5156729007E3900A74E8A /* RViewController.swift in Sources */ = {isa = PBXBuildFile; fileRef = 84C5156629007E3900A74E8A /* RViewController.swift */; };
		F4C4A12F947AC06429870971 /* Pods_14_7.framework in Frameworks */ = {isa = PBXBuildFile; fileRef = 0079D9A8D82B4B4F93E37713 /* Pods_14_7.framework */; };
/* End PBXBuildFile section */

/* Begin PBXFileReference section */
		0079D9A8D82B4B4F93E37713 /* Pods_14_7.framework */ = {isa = PBXFileReference; explicitFileType = wrapper.framework; includeInIndex = 0; path = Pods_14_7.framework; sourceTree = BUILT_PRODUCTS_DIR; };
		8444EA4B290872DE00F688A8 /* CDViewController.swift */ = {isa = PBXFileReference; lastKnownFileType = sourcecode.swift; path = CDViewController.swift; sourceTree = "<group>"; };
		84456D85290991FC00DF3115 /* AddTaskCDViewController.swift */ = {isa = PBXFileReference; lastKnownFileType = sourcecode.swift; path = AddTaskCDViewController.swift; sourceTree = "<group>"; };
		84456D872909A56400DF3115 /* WeatherViewController.swift */ = {isa = PBXFileReference; lastKnownFileType = sourcecode.swift; path = WeatherViewController.swift; sourceTree = "<group>"; };
		84456D892909A60400DF3115 /* Weather.swift */ = {isa = PBXFileReference; lastKnownFileType = sourcecode.swift; path = Weather.swift; sourceTree = "<group>"; };
		8493D0222905B24200728387 /* Task.swift */ = {isa = PBXFileReference; lastKnownFileType = sourcecode.swift; path = Task.swift; sourceTree = "<group>"; };
		8493D0242905CE4D00728387 /* AddTaskViewController.swift */ = {isa = PBXFileReference; lastKnownFileType = sourcecode.swift; path = AddTaskViewController.swift; sourceTree = "<group>"; };
		84C5154A290075D700A74E8A /* 14.7.app */ = {isa = PBXFileReference; explicitFileType = wrapper.application; includeInIndex = 0; path = 14.7.app; sourceTree = BUILT_PRODUCTS_DIR; };
		84C5154D290075D700A74E8A /* AppDelegate.swift */ = {isa = PBXFileReference; lastKnownFileType = sourcecode.swift; path = AppDelegate.swift; sourceTree = "<group>"; };
		84C5154F290075D700A74E8A /* SceneDelegate.swift */ = {isa = PBXFileReference; lastKnownFileType = sourcecode.swift; path = SceneDelegate.swift; sourceTree = "<group>"; };
		84C51551290075D700A74E8A /* UDViewController.swift */ = {isa = PBXFileReference; lastKnownFileType = sourcecode.swift; path = UDViewController.swift; sourceTree = "<group>"; };
		84C51554290075D700A74E8A /* Base */ = {isa = PBXFileReference; lastKnownFileType = file.storyboard; name = Base; path = Base.lproj/Main.storyboard; sourceTree = "<group>"; };
		84C51557290075D700A74E8A /* _4_7.xcdatamodel */ = {isa = PBXFileReference; lastKnownFileType = wrapper.xcdatamodel; path = _4_7.xcdatamodel; sourceTree = "<group>"; };
		84C51559290075DB00A74E8A /* Assets.xcassets */ = {isa = PBXFileReference; lastKnownFileType = folder.assetcatalog; path = Assets.xcassets; sourceTree = "<group>"; };
		84C5155C290075DB00A74E8A /* Base */ = {isa = PBXFileReference; lastKnownFileType = file.storyboard; name = Base; path = Base.lproj/LaunchScreen.storyboard; sourceTree = "<group>"; };
		84C5155E290075DB00A74E8A /* Info.plist */ = {isa = PBXFileReference; lastKnownFileType = text.plist.xml; path = Info.plist; sourceTree = "<group>"; };
		84C515642900795500A74E8A /* Persistance.swift */ = {isa = PBXFileReference; lastKnownFileType = sourcecode.swift; path = Persistance.swift; sourceTree = "<group>"; };
		84C5156629007E3900A74E8A /* RViewController.swift */ = {isa = PBXFileReference; lastKnownFileType = sourcecode.swift; path = RViewController.swift; sourceTree = "<group>"; };
		84FDD8C72909BE2F00C4814A /* Alamofire.framework */ = {isa = PBXFileReference; explicitFileType = wrapper.framework; path = Alamofire.framework; sourceTree = BUILT_PRODUCTS_DIR; };
		84FDD8CB2909BE4400C4814A /* RealmSwift.framework */ = {isa = PBXFileReference; explicitFileType = wrapper.framework; path = RealmSwift.framework; sourceTree = BUILT_PRODUCTS_DIR; };
		955E705CB8754347D7AEA59D /* Pods-14.7.debug.xcconfig */ = {isa = PBXFileReference; includeInIndex = 1; lastKnownFileType = text.xcconfig; name = "Pods-14.7.debug.xcconfig"; path = "Target Support Files/Pods-14.7/Pods-14.7.debug.xcconfig"; sourceTree = "<group>"; };
		E52DA914E7ECAF0F0423051F /* Pods-14.7.release.xcconfig */ = {isa = PBXFileReference; includeInIndex = 1; lastKnownFileType = text.xcconfig; name = "Pods-14.7.release.xcconfig"; path = "Target Support Files/Pods-14.7/Pods-14.7.release.xcconfig"; sourceTree = "<group>"; };
/* End PBXFileReference section */

/* Begin PBXFrameworksBuildPhase section */
		84C51547290075D700A74E8A /* Frameworks */ = {
			isa = PBXFrameworksBuildPhase;
			buildActionMask = 2147483647;
			files = (
				F4C4A12F947AC06429870971 /* Pods_14_7.framework in Frameworks */,
			);
			runOnlyForDeploymentPostprocessing = 0;
		};
/* End PBXFrameworksBuildPhase section */

/* Begin PBXGroup section */
		84C51541290075D600A74E8A = {
			isa = PBXGroup;
			children = (
				84C5154C290075D700A74E8A /* 14.7 */,
				84C5154B290075D700A74E8A /* Products */,
				D96FB3415AEE987FD94DD5FC /* Pods */,
				936ACB7184D967310198C062 /* Frameworks */,
			);
			sourceTree = "<group>";
		};
		84C5154B290075D700A74E8A /* Products */ = {
			isa = PBXGroup;
			children = (
				84C5154A290075D700A74E8A /* 14.7.app */,
			);
			name = Products;
			sourceTree = "<group>";
		};
		84C5154C290075D700A74E8A /* 14.7 */ = {
			isa = PBXGroup;
			children = (
				84C5154D290075D700A74E8A /* AppDelegate.swift */,
				84C515642900795500A74E8A /* Persistance.swift */,
				84C5154F290075D700A74E8A /* SceneDelegate.swift */,
				84C51551290075D700A74E8A /* UDViewController.swift */,
				84C5156629007E3900A74E8A /* RViewController.swift */,
				8444EA4B290872DE00F688A8 /* CDViewController.swift */,
				8493D0242905CE4D00728387 /* AddTaskViewController.swift */,
				84456D85290991FC00DF3115 /* AddTaskCDViewController.swift */,
				8493D0222905B24200728387 /* Task.swift */,
				84456D892909A60400DF3115 /* Weather.swift */,
				84456D872909A56400DF3115 /* WeatherViewController.swift */,
				84C51553290075D700A74E8A /* Main.storyboard */,
				84C51559290075DB00A74E8A /* Assets.xcassets */,
				84C5155B290075DB00A74E8A /* LaunchScreen.storyboard */,
				84C5155E290075DB00A74E8A /* Info.plist */,
				84C51556290075D700A74E8A /* _4_7.xcdatamodeld */,
			);
			path = 14.7;
			sourceTree = "<group>";
		};
		936ACB7184D967310198C062 /* Frameworks */ = {
			isa = PBXGroup;
			children = (
				84FDD8CB2909BE4400C4814A /* RealmSwift.framework */,
				84FDD8C72909BE2F00C4814A /* Alamofire.framework */,
				0079D9A8D82B4B4F93E37713 /* Pods_14_7.framework */,
			);
			name = Frameworks;
			sourceTree = "<group>";
		};
		D96FB3415AEE987FD94DD5FC /* Pods */ = {
			isa = PBXGroup;
			children = (
				955E705CB8754347D7AEA59D /* Pods-14.7.debug.xcconfig */,
				E52DA914E7ECAF0F0423051F /* Pods-14.7.release.xcconfig */,
			);
			path = Pods;
			sourceTree = "<group>";
		};
/* End PBXGroup section */

/* Begin PBXNativeTarget section */
		84C51549290075D700A74E8A /* 14.7 */ = {
			isa = PBXNativeTarget;
			buildConfigurationList = 84C51561290075DB00A74E8A /* Build configuration list for PBXNativeTarget "14.7" */;
			buildPhases = (
				6E9124E7371ACC8A8AFA7884 /* [CP] Check Pods Manifest.lock */,
				84C51546290075D700A74E8A /* Sources */,
				84C51547290075D700A74E8A /* Frameworks */,
				84C51548290075D700A74E8A /* Resources */,
				6D61605F409AC7F870246B5A /* [CP] Embed Pods Frameworks */,
			);
			buildRules = (
			);
			dependencies = (
			);
			name = 14.7;
			productName = 14.7;
			productReference = 84C5154A290075D700A74E8A /* 14.7.app */;
			productType = "com.apple.product-type.application";
		};
/* End PBXNativeTarget section */

/* Begin PBXProject section */
		84C51542290075D600A74E8A /* Project object */ = {
			isa = PBXProject;
			attributes = {
				BuildIndependentTargetsInParallel = 1;
				LastSwiftUpdateCheck = 1330;
				LastUpgradeCheck = 1330;
				TargetAttributes = {
					84C51549290075D700A74E8A = {
						CreatedOnToolsVersion = 13.3;
					};
				};
			};
			buildConfigurationList = 84C51545290075D600A74E8A /* Build configuration list for PBXProject "14.7" */;
			compatibilityVersion = "Xcode 13.0";
			developmentRegion = en;
			hasScannedForEncodings = 0;
			knownRegions = (
				en,
				Base,
			);
			mainGroup = 84C51541290075D600A74E8A;
			productRefGroup = 84C5154B290075D700A74E8A /* Products */;
			projectDirPath = "";
			projectRoot = "";
			targets = (
				84C51549290075D700A74E8A /* 14.7 */,
			);
		};
/* End PBXProject section */

/* Begin PBXResourcesBuildPhase section */
		84C51548290075D700A74E8A /* Resources */ = {
			isa = PBXResourcesBuildPhase;
			buildActionMask = 2147483647;
			files = (
				84C5155D290075DB00A74E8A /* LaunchScreen.storyboard in Resources */,
				84C5155A290075DB00A74E8A /* Assets.xcassets in Resources */,
				84C51555290075D700A74E8A /* Main.storyboard in Resources */,
			);
			runOnlyForDeploymentPostprocessing = 0;
		};
/* End PBXResourcesBuildPhase section */

/* Begin PBXShellScriptBuildPhase section */
		6D61605F409AC7F870246B5A /* [CP] Embed Pods Frameworks */ = {
			isa = PBXShellScriptBuildPhase;
			buildActionMask = 2147483647;
			files = (
			);
			inputFileListPaths = (
				"${PODS_ROOT}/Target Support Files/Pods-14.7/Pods-14.7-frameworks-${CONFIGURATION}-input-files.xcfilelist",
			);
			name = "[CP] Embed Pods Frameworks";
			outputFileListPaths = (
				"${PODS_ROOT}/Target Support Files/Pods-14.7/Pods-14.7-frameworks-${CONFIGURATION}-output-files.xcfilelist",
			);
			runOnlyForDeploymentPostprocessing = 0;
			shellPath = /bin/sh;
			shellScript = "\"${PODS_ROOT}/Target Support Files/Pods-14.7/Pods-14.7-frameworks.sh\"\n";
			showEnvVarsInLog = 0;
		};
		6E9124E7371ACC8A8AFA7884 /* [CP] Check Pods Manifest.lock */ = {
			isa = PBXShellScriptBuildPhase;
			buildActionMask = 2147483647;
			files = (
			);
			inputFileListPaths = (
			);
			inputPaths = (
				"${PODS_PODFILE_DIR_PATH}/Podfile.lock",
				"${PODS_ROOT}/Manifest.lock",
			);
			name = "[CP] Check Pods Manifest.lock";
			outputFileListPaths = (
			);
			outputPaths = (
				"$(DERIVED_FILE_DIR)/Pods-14.7-checkManifestLockResult.txt",
			);
			runOnlyForDeploymentPostprocessing = 0;
			shellPath = /bin/sh;
			shellScript = "diff \"${PODS_PODFILE_DIR_PATH}/Podfile.lock\" \"${PODS_ROOT}/Manifest.lock\" > /dev/null\nif [ $? != 0 ] ; then\n    # print error to STDERR\n    echo \"error: The sandbox is not in sync with the Podfile.lock. Run 'pod install' or update your CocoaPods installation.\" >&2\n    exit 1\nfi\n# This output is used by Xcode 'outputs' to avoid re-running this script phase.\necho \"SUCCESS\" > \"${SCRIPT_OUTPUT_FILE_0}\"\n";
			showEnvVarsInLog = 0;
		};
/* End PBXShellScriptBuildPhase section */

/* Begin PBXSourcesBuildPhase section */
		84C51546290075D700A74E8A /* Sources */ = {
			isa = PBXSourcesBuildPhase;
			buildActionMask = 2147483647;
			files = (
				84C51552290075D700A74E8A /* UDViewController.swift in Sources */,
				8493D0252905CE4D00728387 /* AddTaskViewController.swift in Sources */,
				84C5156729007E3900A74E8A /* RViewController.swift in Sources */,
				84C5154E290075D700A74E8A /* AppDelegate.swift in Sources */,
				84456D8A2909A60400DF3115 /* Weather.swift in Sources */,
				84456D86290991FC00DF3115 /* AddTaskCDViewController.swift in Sources */,
				84C51558290075D700A74E8A /* _4_7.xcdatamodeld in Sources */,
				8444EA4C290872DE00F688A8 /* CDViewController.swift in Sources */,
				84C515652900795500A74E8A /* Persistance.swift in Sources */,
				8493D0232905B24200728387 /* Task.swift in Sources */,
				84C51550290075D700A74E8A /* SceneDelegate.swift in Sources */,
				84456D882909A56400DF3115 /* WeatherViewController.swift in Sources */,
			);
			runOnlyForDeploymentPostprocessing = 0;
		};
/* End PBXSourcesBuildPhase section */

/* Begin PBXVariantGroup section */
		84C51553290075D700A74E8A /* Main.storyboard */ = {
			isa = PBXVariantGroup;
			children = (
				84C51554290075D700A74E8A /* Base */,
			);
			name = Main.storyboard;
			sourceTree = "<group>";
		};
		84C5155B290075DB00A74E8A /* LaunchScreen.storyboard */ = {
			isa = PBXVariantGroup;
			children = (
				84C5155C290075DB00A74E8A /* Base */,
			);
			name = LaunchScreen.storyboard;
			sourceTree = "<group>";
		};
/* End PBXVariantGroup section */

/* Begin XCBuildConfiguration section */
		84C5155F290075DB00A74E8A /* Debug */ = {
			isa = XCBuildConfiguration;
			buildSettings = {
				ALWAYS_SEARCH_USER_PATHS = NO;
				CLANG_ANALYZER_NONNULL = YES;
				CLANG_ANALYZER_NUMBER_OBJECT_CONVERSION = YES_AGGRESSIVE;
				CLANG_CXX_LANGUAGE_STANDARD = "gnu++17";
				CLANG_ENABLE_MODULES = YES;
				CLANG_ENABLE_OBJC_ARC = YES;
				CLANG_ENABLE_OBJC_WEAK = YES;
				CLANG_WARN_BLOCK_CAPTURE_AUTORELEASING = YES;
				CLANG_WARN_BOOL_CONVERSION = YES;
				CLANG_WARN_COMMA = YES;
				CLANG_WARN_CONSTANT_CONVERSION = YES;
				CLANG_WARN_DEPRECATED_OBJC_IMPLEMENTATIONS = YES;
				CLANG_WARN_DIRECT_OBJC_ISA_USAGE = YES_ERROR;
				CLANG_WARN_DOCUMENTATION_COMMENTS = YES;
				CLANG_WARN_EMPTY_BODY = YES;
				CLANG_WARN_ENUM_CONVERSION = YES;
				CLANG_WARN_INFINITE_RECURSION = YES;
				CLANG_WARN_INT_CONVERSION = YES;
				CLANG_WARN_NON_LITERAL_NULL_CONVERSION = YES;
				CLANG_WARN_OBJC_IMPLICIT_RETAIN_SELF = YES;
				CLANG_WARN_OBJC_LITERAL_CONVERSION = YES;
				CLANG_WARN_OBJC_ROOT_CLASS = YES_ERROR;
				CLANG_WARN_QUOTED_INCLUDE_IN_FRAMEWORK_HEADER = YES;
				CLANG_WARN_RANGE_LOOP_ANALYSIS = YES;
				CLANG_WARN_STRICT_PROTOTYPES = YES;
				CLANG_WARN_SUSPICIOUS_MOVE = YES;
				CLANG_WARN_UNGUARDED_AVAILABILITY = YES_AGGRESSIVE;
				CLANG_WARN_UNREACHABLE_CODE = YES;
				CLANG_WARN__DUPLICATE_METHOD_MATCH = YES;
				COPY_PHASE_STRIP = NO;
				DEBUG_INFORMATION_FORMAT = dwarf;
				ENABLE_STRICT_OBJC_MSGSEND = YES;
				ENABLE_TESTABILITY = YES;
				GCC_C_LANGUAGE_STANDARD = gnu11;
				GCC_DYNAMIC_NO_PIC = NO;
				GCC_NO_COMMON_BLOCKS = YES;
				GCC_OPTIMIZATION_LEVEL = 0;
				GCC_PREPROCESSOR_DEFINITIONS = (
					"DEBUG=1",
					"$(inherited)",
				);
				GCC_WARN_64_TO_32_BIT_CONVERSION = YES;
				GCC_WARN_ABOUT_RETURN_TYPE = YES_ERROR;
				GCC_WARN_UNDECLARED_SELECTOR = YES;
				GCC_WARN_UNINITIALIZED_AUTOS = YES_AGGRESSIVE;
				GCC_WARN_UNUSED_FUNCTION = YES;
				GCC_WARN_UNUSED_VARIABLE = YES;
				IPHONEOS_DEPLOYMENT_TARGET = 15.4;
				MTL_ENABLE_DEBUG_INFO = INCLUDE_SOURCE;
				MTL_FAST_MATH = YES;
				ONLY_ACTIVE_ARCH = YES;
				SDKROOT = iphoneos;
				SWIFT_ACTIVE_COMPILATION_CONDITIONS = DEBUG;
				SWIFT_OPTIMIZATION_LEVEL = "-Onone";
			};
			name = Debug;
		};
		84C51560290075DB00A74E8A /* Release */ = {
			isa = XCBuildConfiguration;
			buildSettings = {
				ALWAYS_SEARCH_USER_PATHS = NO;
				CLANG_ANALYZER_NONNULL = YES;
				CLANG_ANALYZER_NUMBER_OBJECT_CONVERSION = YES_AGGRESSIVE;
				CLANG_CXX_LANGUAGE_STANDARD = "gnu++17";
				CLANG_ENABLE_MODULES = YES;
				CLANG_ENABLE_OBJC_ARC = YES;
				CLANG_ENABLE_OBJC_WEAK = YES;
				CLANG_WARN_BLOCK_CAPTURE_AUTORELEASING = YES;
				CLANG_WARN_BOOL_CONVERSION = YES;
				CLANG_WARN_COMMA = YES;
				CLANG_WARN_CONSTANT_CONVERSION = YES;
				CLANG_WARN_DEPRECATED_OBJC_IMPLEMENTATIONS = YES;
				CLANG_WARN_DIRECT_OBJC_ISA_USAGE = YES_ERROR;
				CLANG_WARN_DOCUMENTATION_COMMENTS = YES;
				CLANG_WARN_EMPTY_BODY = YES;
				CLANG_WARN_ENUM_CONVERSION = YES;
				CLANG_WARN_INFINITE_RECURSION = YES;
				CLANG_WARN_INT_CONVERSION = YES;
				CLANG_WARN_NON_LITERAL_NULL_CONVERSION = YES;
				CLANG_WARN_OBJC_IMPLICIT_RETAIN_SELF = YES;
				CLANG_WARN_OBJC_LITERAL_CONVERSION = YES;
				CLANG_WARN_OBJC_ROOT_CLASS = YES_ERROR;
				CLANG_WARN_QUOTED_INCLUDE_IN_FRAMEWORK_HEADER = YES;
				CLANG_WARN_RANGE_LOOP_ANALYSIS = YES;
				CLANG_WARN_STRICT_PROTOTYPES = YES;
				CLANG_WARN_SUSPICIOUS_MOVE = YES;
				CLANG_WARN_UNGUARDED_AVAILABILITY = YES_AGGRESSIVE;
				CLANG_WARN_UNREACHABLE_CODE = YES;
				CLANG_WARN__DUPLICATE_METHOD_MATCH = YES;
				COPY_PHASE_STRIP = NO;
				DEBUG_INFORMATION_FORMAT = "dwarf-with-dsym";
				ENABLE_NS_ASSERTIONS = NO;
				ENABLE_STRICT_OBJC_MSGSEND = YES;
				GCC_C_LANGUAGE_STANDARD = gnu11;
				GCC_NO_COMMON_BLOCKS = YES;
				GCC_WARN_64_TO_32_BIT_CONVERSION = YES;
				GCC_WARN_ABOUT_RETURN_TYPE = YES_ERROR;
				GCC_WARN_UNDECLARED_SELECTOR = YES;
				GCC_WARN_UNINITIALIZED_AUTOS = YES_AGGRESSIVE;
				GCC_WARN_UNUSED_FUNCTION = YES;
				GCC_WARN_UNUSED_VARIABLE = YES;
				IPHONEOS_DEPLOYMENT_TARGET = 15.4;
				MTL_ENABLE_DEBUG_INFO = NO;
				MTL_FAST_MATH = YES;
				SDKROOT = iphoneos;
				SWIFT_COMPILATION_MODE = wholemodule;
				SWIFT_OPTIMIZATION_LEVEL = "-O";
				VALIDATE_PRODUCT = YES;
			};
			name = Release;
		};
		84C51562290075DB00A74E8A /* Debug */ = {
			isa = XCBuildConfiguration;
			baseConfigurationReference = 955E705CB8754347D7AEA59D /* Pods-14.7.debug.xcconfig */;
			buildSettings = {
				ASSETCATALOG_COMPILER_APPICON_NAME = AppIcon;
				ASSETCATALOG_COMPILER_GLOBAL_ACCENT_COLOR_NAME = AccentColor;
				CODE_SIGN_STYLE = Automatic;
				CURRENT_PROJECT_VERSION = 1;
				DEVELOPMENT_TEAM = 3QA3WBUT7M;
				GENERATE_INFOPLIST_FILE = YES;
				INFOPLIST_FILE = 14.7/Info.plist;
				INFOPLIST_KEY_UIApplicationSupportsIndirectInputEvents = YES;
				INFOPLIST_KEY_UILaunchStoryboardName = LaunchScreen;
				INFOPLIST_KEY_UIMainStoryboardFile = Main;
				INFOPLIST_KEY_UISupportedInterfaceOrientations_iPad = "UIInterfaceOrientationPortrait UIInterfaceOrientationPortraitUpsideDown UIInterfaceOrientationLandscapeLeft UIInterfaceOrientationLandscapeRight";
				INFOPLIST_KEY_UISupportedInterfaceOrientations_iPhone = "UIInterfaceOrientationPortrait UIInterfaceOrientationLandscapeLeft UIInterfaceOrientationLandscapeRight";
				LD_RUNPATH_SEARCH_PATHS = (
					"$(inherited)",
					"@executable_path/Frameworks",
				);
				MARKETING_VERSION = 1.0;
				PRODUCT_BUNDLE_IDENTIFIER = "com.Skillbox.-4-7";
				PRODUCT_NAME = "$(TARGET_NAME)";
				SWIFT_EMIT_LOC_STRINGS = YES;
				SWIFT_VERSION = 5.0;
				TARGETED_DEVICE_FAMILY = "1,2";
			};
			name = Debug;
		};
		84C51563290075DB00A74E8A /* Release */ = {
			isa = XCBuildConfiguration;
			baseConfigurationReference = E52DA914E7ECAF0F0423051F /* Pods-14.7.release.xcconfig */;
			buildSettings = {
				ASSETCATALOG_COMPILER_APPICON_NAME = AppIcon;
				ASSETCATALOG_COMPILER_GLOBAL_ACCENT_COLOR_NAME = AccentColor;
				CODE_SIGN_STYLE = Automatic;
				CURRENT_PROJECT_VERSION = 1;
				DEVELOPMENT_TEAM = 3QA3WBUT7M;
				GENERATE_INFOPLIST_FILE = YES;
				INFOPLIST_FILE = 14.7/Info.plist;
				INFOPLIST_KEY_UIApplicationSupportsIndirectInputEvents = YES;
				INFOPLIST_KEY_UILaunchStoryboardName = LaunchScreen;
				INFOPLIST_KEY_UIMainStoryboardFile = Main;
				INFOPLIST_KEY_UISupportedInterfaceOrientations_iPad = "UIInterfaceOrientationPortrait UIInterfaceOrientationPortraitUpsideDown UIInterfaceOrientationLandscapeLeft UIInterfaceOrientationLandscapeRight";
				INFOPLIST_KEY_UISupportedInterfaceOrientations_iPhone = "UIInterfaceOrientationPortrait UIInterfaceOrientationLandscapeLeft UIInterfaceOrientationLandscapeRight";
				LD_RUNPATH_SEARCH_PATHS = (
					"$(inherited)",
					"@executable_path/Frameworks",
				);
				MARKETING_VERSION = 1.0;
				PRODUCT_BUNDLE_IDENTIFIER = "com.Skillbox.-4-7";
				PRODUCT_NAME = "$(TARGET_NAME)";
				SWIFT_EMIT_LOC_STRINGS = YES;
				SWIFT_VERSION = 5.0;
				TARGETED_DEVICE_FAMILY = "1,2";
			};
			name = Release;
		};
/* End XCBuildConfiguration section */

/* Begin XCConfigurationList section */
		84C51545290075D600A74E8A /* Build configuration list for PBXProject "14.7" */ = {
			isa = XCConfigurationList;
			buildConfigurations = (
				84C5155F290075DB00A74E8A /* Debug */,
				84C51560290075DB00A74E8A /* Release */,
			);
			defaultConfigurationIsVisible = 0;
			defaultConfigurationName = Release;
		};
		84C51561290075DB00A74E8A /* Build configuration list for PBXNativeTarget "14.7" */ = {
			isa = XCConfigurationList;
			buildConfigurations = (
				84C51562290075DB00A74E8A /* Debug */,
				84C51563290075DB00A74E8A /* Release */,
			);
			defaultConfigurationIsVisible = 0;
			defaultConfigurationName = Release;
		};
/* End XCConfigurationList section */

/* Begin XCVersionGroup section */
		84C51556290075D700A74E8A /* _4_7.xcdatamodeld */ = {
			isa = XCVersionGroup;
			children = (
				84C51557290075D700A74E8A /* _4_7.xcdatamodel */,
			);
			currentVersion = 84C51557290075D700A74E8A /* _4_7.xcdatamodel */;
			path = _4_7.xcdatamodeld;
			sourceTree = "<group>";
			versionGroupType = wrapper.xcdatamodel;
		};
/* End XCVersionGroup section */
	};
	rootObject = 84C51542290075D600A74E8A /* Project object */;
}
